github.com/kampanosg/go-match-slices v0.0.0-20230420171925-d6b2f26e6b5c h1:B5mJj4xmfJ6p4u77p4bA2RkaZQdhBp2caInBzS1T+kQ=
github.com/kampanosg/go-match-slices v0.0.0-20230420171925-d6b2f26e6b5c/go.mod h1:qbh4CYHMC3lGy2EACVU47NBDir9QYu3xOKc2E7bD13I=
gopkg.in/check.v1 v0.0.0-20161208181325-20d25e280405 h1:yhCVgyC4o1eVCa2tZl7eS0r+SDo693bJlVdllGtEeKM=
gopkg.in/check.v1 v0.0.0-20161208181325-20d25e280405/go.mod h1:Co6ibVJAznAaIkqp8huTwlJQCZ016jof/cbN4VW5Yz0=
gopkg.in/yaml.v2 v2.4.0 h1:D8xgwECY7CYvx+Y2n4sBz93Jn9JRvxdiyyo8CTfuKaY=
gopkg.in/yaml.v2 v2.4.0/go.mod h1:RDklbk79AGWmwhnvt/jBztapEOGDOx6ZbXqjP6csGnQ=
